// !$*UTF8*$!
{
	archiveVersion = 1;
	classes = {
	};
	objectVersion = 50;
	objects = {

/* Begin PBXBuildFile section */
		371ECC242171155E00269201 /* AppDelegate.swift in Sources */ = {isa = PBXBuildFile; fileRef = 371ECC232171155E00269201 /* AppDelegate.swift */; };
		371ECC262171156000269201 /* Assets.xcassets in Resources */ = {isa = PBXBuildFile; fileRef = 371ECC252171156000269201 /* Assets.xcassets */; };
		371ECC292171156000269201 /* MainMenu.xib in Resources */ = {isa = PBXBuildFile; fileRef = 371ECC272171156000269201 /* MainMenu.xib */; };
		371ECC382171158200269201 /* Cocoa.framework in Frameworks */ = {isa = PBXBuildFile; fileRef = 371ECC372171158200269201 /* Cocoa.framework */; };
		371ECC3B2171158200269201 /* SourceEditorExtension.swift in Sources */ = {isa = PBXBuildFile; fileRef = 371ECC3A2171158200269201 /* SourceEditorExtension.swift */; };
		371ECC3D2171158200269201 /* CutCommand.swift in Sources */ = {isa = PBXBuildFile; fileRef = 371ECC3C2171158200269201 /* CutCommand.swift */; };
		371ECC422171158200269201 /* CutLineXcodeExtension.appex in Embed App Extensions */ = {isa = PBXBuildFile; fileRef = 371ECC352171158200269201 /* CutLineXcodeExtension.appex */; settings = {ATTRIBUTES = (RemoveHeadersOnCopy, ); }; };
		37CAE3392172674D00793FFE /* BetterCutUtils.swift in Sources */ = {isa = PBXBuildFile; fileRef = 37CAE3382172674D00793FFE /* BetterCutUtils.swift */; };
		37CAE33B217267D700793FFE /* CopyCommand.swift in Sources */ = {isa = PBXBuildFile; fileRef = 37CAE33A217267D700793FFE /* CopyCommand.swift */; };
/* End PBXBuildFile section */

/* Begin PBXContainerItemProxy section */
		371ECC402171158200269201 /* PBXContainerItemProxy */ = {
			isa = PBXContainerItemProxy;
			containerPortal = 371ECC182171155E00269201 /* Project object */;
			proxyType = 1;
			remoteGlobalIDString = 371ECC342171158200269201;
			remoteInfo = CutLineXcodeExtension;
		};
/* End PBXContainerItemProxy section */

/* Begin PBXCopyFilesBuildPhase section */
		371ECC462171158200269201 /* Embed App Extensions */ = {
			isa = PBXCopyFilesBuildPhase;
			buildActionMask = 2147483647;
			dstPath = "";
			dstSubfolderSpec = 13;
			files = (
				371ECC422171158200269201 /* CutLineXcodeExtension.appex in Embed App Extensions */,
			);
			name = "Embed App Extensions";
			runOnlyForDeploymentPostprocessing = 0;
		};
/* End PBXCopyFilesBuildPhase section */

/* Begin PBXFileReference section */
		371ECC202171155E00269201 /* CutLine.app */ = {isa = PBXFileReference; explicitFileType = wrapper.application; includeInIndex = 0; path = CutLine.app; sourceTree = BUILT_PRODUCTS_DIR; };
		371ECC232171155E00269201 /* AppDelegate.swift */ = {isa = PBXFileReference; lastKnownFileType = sourcecode.swift; path = AppDelegate.swift; sourceTree = "<group>"; };
		371ECC252171156000269201 /* Assets.xcassets */ = {isa = PBXFileReference; lastKnownFileType = folder.assetcatalog; path = Assets.xcassets; sourceTree = "<group>"; };
		371ECC282171156000269201 /* Base */ = {isa = PBXFileReference; lastKnownFileType = file.xib; name = Base; path = Base.lproj/MainMenu.xib; sourceTree = "<group>"; };
		371ECC2A2171156000269201 /* Info.plist */ = {isa = PBXFileReference; lastKnownFileType = text.plist.xml; path = Info.plist; sourceTree = "<group>"; };
		371ECC2B2171156000269201 /* CutLine.entitlements */ = {isa = PBXFileReference; lastKnownFileType = text.plist.entitlements; path = CutLine.entitlements; sourceTree = "<group>"; };
		371ECC352171158200269201 /* CutLineXcodeExtension.appex */ = {isa = PBXFileReference; explicitFileType = "wrapper.app-extension"; includeInIndex = 0; path = CutLineXcodeExtension.appex; sourceTree = BUILT_PRODUCTS_DIR; };
		371ECC372171158200269201 /* Cocoa.framework */ = {isa = PBXFileReference; lastKnownFileType = wrapper.framework; name = Cocoa.framework; path = System/Library/Frameworks/Cocoa.framework; sourceTree = SDKROOT; };
		371ECC3A2171158200269201 /* SourceEditorExtension.swift */ = {isa = PBXFileReference; lastKnownFileType = sourcecode.swift; path = SourceEditorExtension.swift; sourceTree = "<group>"; };
		371ECC3C2171158200269201 /* CutCommand.swift */ = {isa = PBXFileReference; lastKnownFileType = sourcecode.swift; path = CutCommand.swift; sourceTree = "<group>"; };
		371ECC3E2171158200269201 /* Info.plist */ = {isa = PBXFileReference; lastKnownFileType = text.plist.xml; path = Info.plist; sourceTree = "<group>"; };
		371ECC3F2171158200269201 /* CutLineXcodeExtension.entitlements */ = {isa = PBXFileReference; lastKnownFileType = text.plist.entitlements; path = CutLineXcodeExtension.entitlements; sourceTree = "<group>"; };
		37CAE3382172674D00793FFE /* BetterCutUtils.swift */ = {isa = PBXFileReference; lastKnownFileType = sourcecode.swift; path = BetterCutUtils.swift; sourceTree = "<group>"; };
		37CAE33A217267D700793FFE /* CopyCommand.swift */ = {isa = PBXFileReference; lastKnownFileType = sourcecode.swift; path = CopyCommand.swift; sourceTree = "<group>"; };
/* End PBXFileReference section */

/* Begin PBXFrameworksBuildPhase section */
		371ECC1D2171155E00269201 /* Frameworks */ = {
			isa = PBXFrameworksBuildPhase;
			buildActionMask = 2147483647;
			files = (
			);
			runOnlyForDeploymentPostprocessing = 0;
		};
		371ECC322171158200269201 /* Frameworks */ = {
			isa = PBXFrameworksBuildPhase;
			buildActionMask = 2147483647;
			files = (
				371ECC382171158200269201 /* Cocoa.framework in Frameworks */,
			);
			runOnlyForDeploymentPostprocessing = 0;
		};
/* End PBXFrameworksBuildPhase section */

/* Begin PBXGroup section */
		371ECC172171155E00269201 = {
			isa = PBXGroup;
			children = (
				371ECC222171155E00269201 /* CutLine */,
				371ECC392171158200269201 /* CutLineXcodeExtension */,
				371ECC362171158200269201 /* Frameworks */,
				371ECC212171155E00269201 /* Products */,
			);
			sourceTree = "<group>";
		};
		371ECC212171155E00269201 /* Products */ = {
			isa = PBXGroup;
			children = (
				371ECC202171155E00269201 /* CutLine.app */,
				371ECC352171158200269201 /* CutLineXcodeExtension.appex */,
			);
			name = Products;
			sourceTree = "<group>";
		};
		371ECC222171155E00269201 /* CutLine */ = {
			isa = PBXGroup;
			children = (
				371ECC232171155E00269201 /* AppDelegate.swift */,
				371ECC252171156000269201 /* Assets.xcassets */,
				371ECC272171156000269201 /* MainMenu.xib */,
				371ECC2A2171156000269201 /* Info.plist */,
				371ECC2B2171156000269201 /* CutLine.entitlements */,
			);
			path = CutLine;
			sourceTree = "<group>";
		};
		371ECC362171158200269201 /* Frameworks */ = {
			isa = PBXGroup;
			children = (
				371ECC372171158200269201 /* Cocoa.framework */,
			);
			name = Frameworks;
			sourceTree = "<group>";
		};
		371ECC392171158200269201 /* CutLineXcodeExtension */ = {
			isa = PBXGroup;
			children = (
				371ECC3A2171158200269201 /* SourceEditorExtension.swift */,
				37CAE33A217267D700793FFE /* CopyCommand.swift */,
				371ECC3C2171158200269201 /* CutCommand.swift */,
				37CAE3382172674D00793FFE /* BetterCutUtils.swift */,
				371ECC3E2171158200269201 /* Info.plist */,
				371ECC3F2171158200269201 /* CutLineXcodeExtension.entitlements */,
			);
			path = CutLineXcodeExtension;
			sourceTree = "<group>";
		};
/* End PBXGroup section */

/* Begin PBXNativeTarget section */
		371ECC1F2171155E00269201 /* CutLine */ = {
			isa = PBXNativeTarget;
			buildConfigurationList = 371ECC2E2171156000269201 /* Build configuration list for PBXNativeTarget "CutLine" */;
			buildPhases = (
				371ECC1C2171155E00269201 /* Sources */,
				371ECC1D2171155E00269201 /* Frameworks */,
				371ECC1E2171155E00269201 /* Resources */,
				371ECC462171158200269201 /* Embed App Extensions */,
			);
			buildRules = (
			);
			dependencies = (
				371ECC412171158200269201 /* PBXTargetDependency */,
			);
			name = CutLine;
			productName = CutLine;
			productReference = 371ECC202171155E00269201 /* CutLine.app */;
			productType = "com.apple.product-type.application";
		};
		371ECC342171158200269201 /* CutLineXcodeExtension */ = {
			isa = PBXNativeTarget;
			buildConfigurationList = 371ECC432171158200269201 /* Build configuration list for PBXNativeTarget "CutLineXcodeExtension" */;
			buildPhases = (
				371ECC312171158200269201 /* Sources */,
				371ECC322171158200269201 /* Frameworks */,
				371ECC332171158200269201 /* Resources */,
			);
			buildRules = (
			);
			dependencies = (
			);
			name = CutLineXcodeExtension;
			productName = CutLineXcodeExtension;
			productReference = 371ECC352171158200269201 /* CutLineXcodeExtension.appex */;
			productType = "com.apple.product-type.xcode-extension";
		};
/* End PBXNativeTarget section */

/* Begin PBXProject section */
		371ECC182171155E00269201 /* Project object */ = {
			isa = PBXProject;
			attributes = {
				LastSwiftUpdateCheck = 1000;
				LastUpgradeCheck = 1000;
				ORGANIZATIONNAME = "Martin Jacala";
				TargetAttributes = {
					371ECC1F2171155E00269201 = {
						CreatedOnToolsVersion = 10.0;
					};
					371ECC342171158200269201 = {
						CreatedOnToolsVersion = 10.0;
					};
				};
			};
			buildConfigurationList = 371ECC1B2171155E00269201 /* Build configuration list for PBXProject "CutLine" */;
			compatibilityVersion = "Xcode 9.3";
			developmentRegion = en;
			hasScannedForEncodings = 0;
			knownRegions = (
				en,
				Base,
			);
			mainGroup = 371ECC172171155E00269201;
			productRefGroup = 371ECC212171155E00269201 /* Products */;
			projectDirPath = "";
			projectRoot = "";
			targets = (
				371ECC1F2171155E00269201 /* CutLine */,
				371ECC342171158200269201 /* CutLineXcodeExtension */,
			);
		};
/* End PBXProject section */

/* Begin PBXResourcesBuildPhase section */
		371ECC1E2171155E00269201 /* Resources */ = {
			isa = PBXResourcesBuildPhase;
			buildActionMask = 2147483647;
			files = (
				371ECC262171156000269201 /* Assets.xcassets in Resources */,
				371ECC292171156000269201 /* MainMenu.xib in Resources */,
			);
			runOnlyForDeploymentPostprocessing = 0;
		};
		371ECC332171158200269201 /* Resources */ = {
			isa = PBXResourcesBuildPhase;
			buildActionMask = 2147483647;
			files = (
			);
			runOnlyForDeploymentPostprocessing = 0;
		};
/* End PBXResourcesBuildPhase section */

/* Begin PBXSourcesBuildPhase section */
		371ECC1C2171155E00269201 /* Sources */ = {
			isa = PBXSourcesBuildPhase;
			buildActionMask = 2147483647;
			files = (
				371ECC242171155E00269201 /* AppDelegate.swift in Sources */,
			);
			runOnlyForDeploymentPostprocessing = 0;
		};
		371ECC312171158200269201 /* Sources */ = {
			isa = PBXSourcesBuildPhase;
			buildActionMask = 2147483647;
			files = (
				371ECC3B2171158200269201 /* SourceEditorExtension.swift in Sources */,
				37CAE3392172674D00793FFE /* BetterCutUtils.swift in Sources */,
				37CAE33B217267D700793FFE /* CopyCommand.swift in Sources */,
				371ECC3D2171158200269201 /* CutCommand.swift in Sources */,
			);
			runOnlyForDeploymentPostprocessing = 0;
		};
/* End PBXSourcesBuildPhase section */

/* Begin PBXTargetDependency section */
		371ECC412171158200269201 /* PBXTargetDependency */ = {
			isa = PBXTargetDependency;
			target = 371ECC342171158200269201 /* CutLineXcodeExtension */;
			targetProxy = 371ECC402171158200269201 /* PBXContainerItemProxy */;
		};
/* End PBXTargetDependency section */

/* Begin PBXVariantGroup section */
		371ECC272171156000269201 /* MainMenu.xib */ = {
			isa = PBXVariantGroup;
			children = (
				371ECC282171156000269201 /* Base */,
			);
			name = MainMenu.xib;
			sourceTree = "<group>";
		};
/* End PBXVariantGroup section */

/* Begin XCBuildConfiguration section */
		371ECC2C2171156000269201 /* Debug */ = {
			isa = XCBuildConfiguration;
			buildSettings = {
				ALWAYS_SEARCH_USER_PATHS = NO;
				CLANG_ANALYZER_NONNULL = YES;
				CLANG_ANALYZER_NUMBER_OBJECT_CONVERSION = YES_AGGRESSIVE;
				CLANG_CXX_LANGUAGE_STANDARD = "gnu++14";
				CLANG_CXX_LIBRARY = "libc++";
				CLANG_ENABLE_MODULES = YES;
				CLANG_ENABLE_OBJC_ARC = YES;
				CLANG_ENABLE_OBJC_WEAK = YES;
				CLANG_WARN_BLOCK_CAPTURE_AUTORELEASING = YES;
				CLANG_WARN_BOOL_CONVERSION = YES;
				CLANG_WARN_COMMA = YES;
				CLANG_WARN_CONSTANT_CONVERSION = YES;
				CLANG_WARN_DEPRECATED_OBJC_IMPLEMENTATIONS = YES;
				CLANG_WARN_DIRECT_OBJC_ISA_USAGE = YES_ERROR;
				CLANG_WARN_DOCUMENTATION_COMMENTS = YES;
				CLANG_WARN_EMPTY_BODY = YES;
				CLANG_WARN_ENUM_CONVERSION = YES;
				CLANG_WARN_INFINITE_RECURSION = YES;
				CLANG_WARN_INT_CONVERSION = YES;
				CLANG_WARN_NON_LITERAL_NULL_CONVERSION = YES;
				CLANG_WARN_OBJC_IMPLICIT_RETAIN_SELF = YES;
				CLANG_WARN_OBJC_LITERAL_CONVERSION = YES;
				CLANG_WARN_OBJC_ROOT_CLASS = YES_ERROR;
				CLANG_WARN_RANGE_LOOP_ANALYSIS = YES;
				CLANG_WARN_STRICT_PROTOTYPES = YES;
				CLANG_WARN_SUSPICIOUS_MOVE = YES;
				CLANG_WARN_UNGUARDED_AVAILABILITY = YES_AGGRESSIVE;
				CLANG_WARN_UNREACHABLE_CODE = YES;
				CLANG_WARN__DUPLICATE_METHOD_MATCH = YES;
				CODE_SIGN_IDENTITY = "Mac Developer";
				COPY_PHASE_STRIP = NO;
				DEBUG_INFORMATION_FORMAT = dwarf;
				ENABLE_STRICT_OBJC_MSGSEND = YES;
				ENABLE_TESTABILITY = YES;
				GCC_C_LANGUAGE_STANDARD = gnu11;
				GCC_DYNAMIC_NO_PIC = NO;
				GCC_NO_COMMON_BLOCKS = YES;
				GCC_OPTIMIZATION_LEVEL = 0;
				GCC_PREPROCESSOR_DEFINITIONS = (
					"DEBUG=1",
					"$(inherited)",
				);
				GCC_WARN_64_TO_32_BIT_CONVERSION = YES;
				GCC_WARN_ABOUT_RETURN_TYPE = YES_ERROR;
				GCC_WARN_UNDECLARED_SELECTOR = YES;
				GCC_WARN_UNINITIALIZED_AUTOS = YES_AGGRESSIVE;
				GCC_WARN_UNUSED_FUNCTION = YES;
				GCC_WARN_UNUSED_VARIABLE = YES;
				MACOSX_DEPLOYMENT_TARGET = 10.14;
				MTL_ENABLE_DEBUG_INFO = INCLUDE_SOURCE;
				MTL_FAST_MATH = YES;
				ONLY_ACTIVE_ARCH = YES;
				SDKROOT = macosx;
				SWIFT_ACTIVE_COMPILATION_CONDITIONS = DEBUG;
				SWIFT_OPTIMIZATION_LEVEL = "-Onone";
			};
			name = Debug;
		};
		371ECC2D2171156000269201 /* Release */ = {
			isa = XCBuildConfiguration;
			buildSettings = {
				ALWAYS_SEARCH_USER_PATHS = NO;
				CLANG_ANALYZER_NONNULL = YES;
				CLANG_ANALYZER_NUMBER_OBJECT_CONVERSION = YES_AGGRESSIVE;
				CLANG_CXX_LANGUAGE_STANDARD = "gnu++14";
				CLANG_CXX_LIBRARY = "libc++";
				CLANG_ENABLE_MODULES = YES;
				CLANG_ENABLE_OBJC_ARC = YES;
				CLANG_ENABLE_OBJC_WEAK = YES;
				CLANG_WARN_BLOCK_CAPTURE_AUTORELEASING = YES;
				CLANG_WARN_BOOL_CONVERSION = YES;
				CLANG_WARN_COMMA = YES;
				CLANG_WARN_CONSTANT_CONVERSION = YES;
				CLANG_WARN_DEPRECATED_OBJC_IMPLEMENTATIONS = YES;
				CLANG_WARN_DIRECT_OBJC_ISA_USAGE = YES_ERROR;
				CLANG_WARN_DOCUMENTATION_COMMENTS = YES;
				CLANG_WARN_EMPTY_BODY = YES;
				CLANG_WARN_ENUM_CONVERSION = YES;
				CLANG_WARN_INFINITE_RECURSION = YES;
				CLANG_WARN_INT_CONVERSION = YES;
				CLANG_WARN_NON_LITERAL_NULL_CONVERSION = YES;
				CLANG_WARN_OBJC_IMPLICIT_RETAIN_SELF = YES;
				CLANG_WARN_OBJC_LITERAL_CONVERSION = YES;
				CLANG_WARN_OBJC_ROOT_CLASS = YES_ERROR;
				CLANG_WARN_RANGE_LOOP_ANALYSIS = YES;
				CLANG_WARN_STRICT_PROTOTYPES = YES;
				CLANG_WARN_SUSPICIOUS_MOVE = YES;
				CLANG_WARN_UNGUARDED_AVAILABILITY = YES_AGGRESSIVE;
				CLANG_WARN_UNREACHABLE_CODE = YES;
				CLANG_WARN__DUPLICATE_METHOD_MATCH = YES;
				CODE_SIGN_IDENTITY = "Mac Developer";
				COPY_PHASE_STRIP = NO;
				DEBUG_INFORMATION_FORMAT = "dwarf-with-dsym";
				ENABLE_NS_ASSERTIONS = NO;
				ENABLE_STRICT_OBJC_MSGSEND = YES;
				GCC_C_LANGUAGE_STANDARD = gnu11;
				GCC_NO_COMMON_BLOCKS = YES;
				GCC_WARN_64_TO_32_BIT_CONVERSION = YES;
				GCC_WARN_ABOUT_RETURN_TYPE = YES_ERROR;
				GCC_WARN_UNDECLARED_SELECTOR = YES;
				GCC_WARN_UNINITIALIZED_AUTOS = YES_AGGRESSIVE;
				GCC_WARN_UNUSED_FUNCTION = YES;
				GCC_WARN_UNUSED_VARIABLE = YES;
				MACOSX_DEPLOYMENT_TARGET = 10.14;
				MTL_ENABLE_DEBUG_INFO = NO;
				MTL_FAST_MATH = YES;
				SDKROOT = macosx;
				SWIFT_COMPILATION_MODE = wholemodule;
				SWIFT_OPTIMIZATION_LEVEL = "-O";
			};
			name = Release;
		};
		371ECC2F2171156000269201 /* Debug */ = {
			isa = XCBuildConfiguration;
			buildSettings = {
				ALWAYS_EMBED_SWIFT_STANDARD_LIBRARIES = YES;
				ASSETCATALOG_COMPILER_APPICON_NAME = AppIcon;
				CODE_SIGN_ENTITLEMENTS = CutLine/CutLine.entitlements;
				CODE_SIGN_STYLE = Automatic;
				COMBINE_HIDPI_IMAGES = YES;
				DEVELOPMENT_TEAM = Y4B8Y4356A;
				INFOPLIST_FILE = CutLine/Info.plist;
				LD_RUNPATH_SEARCH_PATHS = (
					"$(inherited)",
					"@executable_path/../Frameworks",
				);
				PRODUCT_BUNDLE_IDENTIFIER = com.apptives.CutLine;
				PRODUCT_NAME = "$(TARGET_NAME)";
				SWIFT_VERSION = 4.2;
			};
			name = Debug;
		};
		371ECC302171156000269201 /* Release */ = {
			isa = XCBuildConfiguration;
			buildSettings = {
				ALWAYS_EMBED_SWIFT_STANDARD_LIBRARIES = YES;
				ASSETCATALOG_COMPILER_APPICON_NAME = AppIcon;
				CODE_SIGN_ENTITLEMENTS = CutLine/CutLine.entitlements;
				CODE_SIGN_STYLE = Automatic;
				COMBINE_HIDPI_IMAGES = YES;
				DEVELOPMENT_TEAM = Y4B8Y4356A;
				INFOPLIST_FILE = CutLine/Info.plist;
				LD_RUNPATH_SEARCH_PATHS = (
					"$(inherited)",
					"@executable_path/../Frameworks",
				);
				PRODUCT_BUNDLE_IDENTIFIER = com.apptives.CutLine;
				PRODUCT_NAME = "$(TARGET_NAME)";
				SWIFT_VERSION = 4.2;
			};
			name = Release;
		};
		371ECC442171158200269201 /* Debug */ = {
			isa = XCBuildConfiguration;
			buildSettings = {
				CODE_SIGN_ENTITLEMENTS = CutLineXcodeExtension/CutLineXcodeExtension.entitlements;
				CODE_SIGN_STYLE = Automatic;
				COMBINE_HIDPI_IMAGES = YES;
				DEVELOPMENT_TEAM = Y4B8Y4356A;
				INFOPLIST_FILE = CutLineXcodeExtension/Info.plist;
				LD_RUNPATH_SEARCH_PATHS = (
					"$(inherited)",
					"@executable_path/../Frameworks",
					"@executable_path/../../../../Frameworks",
				);
				PRODUCT_BUNDLE_IDENTIFIER = com.apptives.CutLine.CutLineXcodeExtension;
				PRODUCT_NAME = "$(TARGET_NAME)";
				SKIP_INSTALL = YES;
				SWIFT_VERSION = 4.2;
			};
			name = Debug;
		};
		371ECC452171158200269201 /* Release */ = {
			isa = XCBuildConfiguration;
			buildSettings = {
				CODE_SIGN_ENTITLEMENTS = CutLineXcodeExtension/CutLineXcodeExtension.entitlements;
				CODE_SIGN_STYLE = Automatic;
				COMBINE_HIDPI_IMAGES = YES;
				DEVELOPMENT_TEAM = Y4B8Y4356A;
				INFOPLIST_FILE = CutLineXcodeExtension/Info.plist;
				LD_RUNPATH_SEARCH_PATHS = (
					"$(inherited)",
					"@executable_path/../Frameworks",
					"@executable_path/../../../../Frameworks",
				);
				PRODUCT_BUNDLE_IDENTIFIER = com.apptives.CutLine.CutLineXcodeExtension;
				PRODUCT_NAME = "$(TARGET_NAME)";
				SKIP_INSTALL = YES;
				SWIFT_VERSION = 4.2;
			};
			name = Release;
		};
/* End XCBuildConfiguration section */

/* Begin XCConfigurationList section */
		371ECC1B2171155E00269201 /* Build configuration list for PBXProject "CutLine" */ = {
			isa = XCConfigurationList;
			buildConfigurations = (
				371ECC2C2171156000269201 /* Debug */,
				371ECC2D2171156000269201 /* Release */,
			);
			defaultConfigurationIsVisible = 0;
			defaultConfigurationName = Release;
		};
		371ECC2E2171156000269201 /* Build configuration list for PBXNativeTarget "CutLine" */ = {
			isa = XCConfigurationList;
			buildConfigurations = (
				371ECC2F2171156000269201 /* Debug */,
				371ECC302171156000269201 /* Release */,
			);
			defaultConfigurationIsVisible = 0;
			defaultConfigurationName = Release;
		};
		371ECC432171158200269201 /* Build configuration list for PBXNativeTarget "CutLineXcodeExtension" */ = {
			isa = XCConfigurationList;
			buildConfigurations = (
				371ECC442171158200269201 /* Debug */,
				371ECC452171158200269201 /* Release */,
			);
			defaultConfigurationIsVisible = 0;
			defaultConfigurationName = Release;
		};
/* End XCConfigurationList section */
	};
	rootObject = 371ECC182171155E00269201 /* Project object */;
}
